
Microsoft Visual Studio Solution File, Format Version 12.00
# Visual Studio Version 17
VisualStudioVersion = 17.14.36109.1
MinimumVisualStudioVersion = 10.0.40219.1
Project("{FAE04EC0-301F-11D3-BF4B-00C04F79EFBC}") = "PersistX", "PersistX\PersistX.csproj", "{552E2D15-3E91-49EA-AB9E-11CF9E366C9D}"
EndProject
Project("{FAE04EC0-301F-11D3-BF4B-00C04F79EFBC}") = "PersistX.Test", "PersistX.Test\PersistX.Test.csproj", "{552E2D15-3E91-49EA-AB9E-11CF9E366C9E}"
EndProject
Global
	GlobalSection(SolutionConfigurationPlatforms) = preSolution
		Debug|Any CPU = Debug|Any CPU
		Release|Any CPU = Release|Any CPU
	EndGlobalSection
	GlobalSection(ProjectConfigurationPlatforms) = postSolution
		{552E2D15-3E91-49EA-AB9E-11CF9E366C9D}.Debug|Any CPU.ActiveCfg = Debug|Any CPU
		{552E2D15-3E91-49EA-AB9E-11CF9E366C9D}.Debug|Any CPU.Build.0 = Debug|Any CPU
		{552E2D15-3E91-49EA-AB9E-11CF9E366C9D}.Release|Any CPU.ActiveCfg = Release|Any CPU
		{552E2D15-3E91-49EA-AB9E-11CF9E366C9D}.Release|Any CPU.Build.0 = Release|Any CPU
		{552E2D15-3E91-49EA-AB9E-11CF9E366C9E}.Debug|Any CPU.ActiveCfg = Debug|Any CPU
		{552E2D15-3E91-49EA-AB9E-11CF9E366C9E}.Debug|Any CPU.Build.0 = Debug|Any CPU
		{552E2D15-3E91-49EA-AB9E-11CF9E366C9E}.Release|Any CPU.ActiveCfg = Release|Any CPU
		{552E2D15-3E91-49EA-AB9E-11CF9E366C9E}.Release|Any CPU.Build.0 = Release|Any CPU
	EndGlobalSection
	GlobalSection(SolutionProperties) = preSolution
		HideSolutionNode = FALSE
	EndGlobalSection
	GlobalSection(ExtensibilityGlobals) = postSolution
		SolutionGuid = {006143C3-9708-49F1-BB41-964C39591412}
	EndGlobalSection
EndGlobal
