
Microsoft Visual Studio Solution File, Format Version 12.00
# Visual Studio Version 17
VisualStudioVersion = 17.14.36109.1
MinimumVisualStudioVersion = 10.0.40219.1
Project("{FAE04EC0-301F-11D3-BF4B-00C04F79EFBC}") = "PersistX", "PersistX\PersistX.csproj", "{552E2D15-3E91-49EA-AB9E-11CF9E366C9D}"
EndProject
Project("{FAE04EC0-301F-11D3-BF4B-00C04F79EFBC}") = "PersistX.Test", "PersistX.Test\PersistX.Test.csproj", "{552E2D15-3E91-49EA-AB9E-11CF9E366C9E}"
EndProject
Project("{FAE04EC0-301F-11D3-BF4B-00C04F79EFBC}") = "PersistX.UnitTests", "PersistX.UnitTests\PersistX.UnitTests.csproj", "{15CCE4BA-2C41-4848-8FB4-0D068BEF2E31}"
EndProject
Global
	GlobalSection(SolutionConfigurationPlatforms) = preSolution
		Debug|Any CPU = Debug|Any CPU
		Debug|x64 = Debug|x64
		Debug|x86 = Debug|x86
		Release|Any CPU = Release|Any CPU
		Release|x64 = Release|x64
		Release|x86 = Release|x86
	EndGlobalSection
	GlobalSection(ProjectConfigurationPlatforms) = postSolution
		{552E2D15-3E91-49EA-AB9E-11CF9E366C9D}.Debug|Any CPU.ActiveCfg = Debug|Any CPU
		{552E2D15-3E91-49EA-AB9E-11CF9E366C9D}.Debug|Any CPU.Build.0 = Debug|Any CPU
		{552E2D15-3E91-49EA-AB9E-11CF9E366C9D}.Debug|x64.ActiveCfg = Debug|Any CPU
		{552E2D15-3E91-49EA-AB9E-11CF9E366C9D}.Debug|x64.Build.0 = Debug|Any CPU
		{552E2D15-3E91-49EA-AB9E-11CF9E366C9D}.Debug|x86.ActiveCfg = Debug|Any CPU
		{552E2D15-3E91-49EA-AB9E-11CF9E366C9D}.Debug|x86.Build.0 = Debug|Any CPU
		{552E2D15-3E91-49EA-AB9E-11CF9E366C9D}.Release|Any CPU.ActiveCfg = Release|Any CPU
		{552E2D15-3E91-49EA-AB9E-11CF9E366C9D}.Release|Any CPU.Build.0 = Release|Any CPU
		{552E2D15-3E91-49EA-AB9E-11CF9E366C9D}.Release|x64.ActiveCfg = Release|Any CPU
		{552E2D15-3E91-49EA-AB9E-11CF9E366C9D}.Release|x64.Build.0 = Release|Any CPU
		{552E2D15-3E91-49EA-AB9E-11CF9E366C9D}.Release|x86.ActiveCfg = Release|Any CPU
		{552E2D15-3E91-49EA-AB9E-11CF9E366C9D}.Release|x86.Build.0 = Release|Any CPU
		{552E2D15-3E91-49EA-AB9E-11CF9E366C9E}.Debug|Any CPU.ActiveCfg = Debug|Any CPU
		{552E2D15-3E91-49EA-AB9E-11CF9E366C9E}.Debug|Any CPU.Build.0 = Debug|Any CPU
		{552E2D15-3E91-49EA-AB9E-11CF9E366C9E}.Debug|x64.ActiveCfg = Debug|Any CPU
		{552E2D15-3E91-49EA-AB9E-11CF9E366C9E}.Debug|x64.Build.0 = Debug|Any CPU
		{552E2D15-3E91-49EA-AB9E-11CF9E366C9E}.Debug|x86.ActiveCfg = Debug|Any CPU
		{552E2D15-3E91-49EA-AB9E-11CF9E366C9E}.Debug|x86.Build.0 = Debug|Any CPU
		{552E2D15-3E91-49EA-AB9E-11CF9E366C9E}.Release|Any CPU.ActiveCfg = Release|Any CPU
		{552E2D15-3E91-49EA-AB9E-11CF9E366C9E}.Release|Any CPU.Build.0 = Release|Any CPU
		{552E2D15-3E91-49EA-AB9E-11CF9E366C9E}.Release|x64.ActiveCfg = Release|Any CPU
		{552E2D15-3E91-49EA-AB9E-11CF9E366C9E}.Release|x64.Build.0 = Release|Any CPU
		{552E2D15-3E91-49EA-AB9E-11CF9E366C9E}.Release|x86.ActiveCfg = Release|Any CPU
		{552E2D15-3E91-49EA-AB9E-11CF9E366C9E}.Release|x86.Build.0 = Release|Any CPU
		{15CCE4BA-2C41-4848-8FB4-0D068BEF2E31}.Debug|Any CPU.ActiveCfg = Debug|Any CPU
		{15CCE4BA-2C41-4848-8FB4-0D068BEF2E31}.Debug|Any CPU.Build.0 = Debug|Any CPU
		{15CCE4BA-2C41-4848-8FB4-0D068BEF2E31}.Debug|x64.ActiveCfg = Debug|Any CPU
		{15CCE4BA-2C41-4848-8FB4-0D068BEF2E31}.Debug|x64.Build.0 = Debug|Any CPU
		{15CCE4BA-2C41-4848-8FB4-0D068BEF2E31}.Debug|x86.ActiveCfg = Debug|Any CPU
		{15CCE4BA-2C41-4848-8FB4-0D068BEF2E31}.Debug|x86.Build.0 = Debug|Any CPU
		{15CCE4BA-2C41-4848-8FB4-0D068BEF2E31}.Release|Any CPU.ActiveCfg = Release|Any CPU
		{15CCE4BA-2C41-4848-8FB4-0D068BEF2E31}.Release|Any CPU.Build.0 = Release|Any CPU
		{15CCE4BA-2C41-4848-8FB4-0D068BEF2E31}.Release|x64.ActiveCfg = Release|Any CPU
		{15CCE4BA-2C41-4848-8FB4-0D068BEF2E31}.Release|x64.Build.0 = Release|Any CPU
		{15CCE4BA-2C41-4848-8FB4-0D068BEF2E31}.Release|x86.ActiveCfg = Release|Any CPU
		{15CCE4BA-2C41-4848-8FB4-0D068BEF2E31}.Release|x86.Build.0 = Release|Any CPU
	EndGlobalSection
	GlobalSection(SolutionProperties) = preSolution
		HideSolutionNode = FALSE
	EndGlobalSection
	GlobalSection(ExtensibilityGlobals) = postSolution
		SolutionGuid = {006143C3-9708-49F1-BB41-964C39591412}
	EndGlobalSection
EndGlobal
